
Microsoft Visual Studio Solution File, Format Version 12.00
# Visual Studio Version 16
VisualStudioVersion = 16.0.30320.27
MinimumVisualStudioVersion = 10.0.40219.1
Project("{9A19103F-16F7-4668-BE54-9A1E7A4F7556}") = "TripTracker.Service", "TripTracker.Service\TripTracker.Service.csproj", "{98592221-F222-45A4-8911-1676305BD806}"
EndProject
Project("{FAE04EC0-301F-11D3-BF4B-00C04F79EFBC}") = "TripTracker.UI", "TripTracker.UI\TripTracker.UI.csproj", "{3698B837-0DDC-4FF9-94CC-9FD2D53B0B33}"
EndProject
Global
	GlobalSection(SolutionConfigurationPlatforms) = preSolution
		Debug|Any CPU = Debug|Any CPU
		Release|Any CPU = Release|Any CPU
	EndGlobalSection
	GlobalSection(ProjectConfigurationPlatforms) = postSolution
		{98592221-F222-45A4-8911-1676305BD806}.Debug|Any CPU.ActiveCfg = Debug|Any CPU
		{98592221-F222-45A4-8911-1676305BD806}.Debug|Any CPU.Build.0 = Debug|Any CPU
		{98592221-F222-45A4-8911-1676305BD806}.Release|Any CPU.ActiveCfg = Release|Any CPU
		{98592221-F222-45A4-8911-1676305BD806}.Release|Any CPU.Build.0 = Release|Any CPU
		{3698B837-0DDC-4FF9-94CC-9FD2D53B0B33}.Debug|Any CPU.ActiveCfg = Debug|Any CPU
		{3698B837-0DDC-4FF9-94CC-9FD2D53B0B33}.Debug|Any CPU.Build.0 = Debug|Any CPU
		{3698B837-0DDC-4FF9-94CC-9FD2D53B0B33}.Release|Any CPU.ActiveCfg = Release|Any CPU
		{3698B837-0DDC-4FF9-94CC-9FD2D53B0B33}.Release|Any CPU.Build.0 = Release|Any CPU
	EndGlobalSection
	GlobalSection(SolutionProperties) = preSolution
		HideSolutionNode = FALSE
	EndGlobalSection
	GlobalSection(ExtensibilityGlobals) = postSolution
		SolutionGuid = {5D358D56-4A13-4412-A555-F54414CE0735}
	EndGlobalSection
EndGlobal
